# THIS IS AN AUTOGENERATED FILE. DO NOT EDIT THIS FILE DIRECTLY.
# yarn lockfile v1


mitt@^2.1.0:
  version "2.1.0"
  resolved "https://registry.yarnpkg.com/mitt/-/mitt-2.1.0.tgz#f740577c23176c6205b121b2973514eade1b2230"
  integrity sha512-ILj2TpLiysu2wkBbWjAmww7TkZb65aiQO+DkVdUTBpBXq+MHYiETENkKFMtsJZX1Lf4pe4QOrTSjIfUwN5lRdg==

tiny-timer@^1.6.0:
  version "1.6.0"
  resolved "https://registry.yarnpkg.com/tiny-timer/-/tiny-timer-1.6.0.tgz#bae5a112da9f0246b5a8676c86160718680aae68"
  integrity sha512-2ciJ4w+0EKDRmVihzj8aBxDw2da9L88aTwslhf1Clphwt2NV927N7xH90tqz/M02lziboDkx+IypnnWqzjnv9g==
  dependencies:
    mitt "^2.1.0"
